// !$*UTF8*$!
{
	archiveVersion = 1;
	classes = {
	};
	objectVersion = 50;
	objects = {

/* Begin PBXBuildFile section */
		7BAF020A269D9C3600432C22 /* InstaCroneApp.swift in Sources */ = {isa = PBXBuildFile; fileRef = 7BAF0209269D9C3600432C22 /* InstaCroneApp.swift */; };
		7BAF020C269D9C3600432C22 /* ContentView.swift in Sources */ = {isa = PBXBuildFile; fileRef = 7BAF020B269D9C3600432C22 /* ContentView.swift */; };
		7BAF020E269D9C3900432C22 /* Assets.xcassets in Resources */ = {isa = PBXBuildFile; fileRef = 7BAF020D269D9C3900432C22 /* Assets.xcassets */; };
		7BAF0211269D9C3900432C22 /* Preview Assets.xcassets in Resources */ = {isa = PBXBuildFile; fileRef = 7BAF0210269D9C3900432C22 /* Preview Assets.xcassets */; };
		7BAF0219269DA06800432C22 /* NavView.swift in Sources */ = {isa = PBXBuildFile; fileRef = 7BAF0218269DA06800432C22 /* NavView.swift */; };
		7BAF021B26A022B800432C22 /* Person.swift in Sources */ = {isa = PBXBuildFile; fileRef = 7BAF021A26A022B800432C22 /* Person.swift */; };
		7BAF021D26A02E2900432C22 /* StoryView.swift in Sources */ = {isa = PBXBuildFile; fileRef = 7BAF021C26A02E2900432C22 /* StoryView.swift */; };
		7BAF021F26A03E4700432C22 /* PostView.swift in Sources */ = {isa = PBXBuildFile; fileRef = 7BAF021E26A03E4700432C22 /* PostView.swift */; };
/* End PBXBuildFile section */

/* Begin PBXFileReference section */
		7BAF0206269D9C3600432C22 /* InstaCrone.app */ = {isa = PBXFileReference; explicitFileType = wrapper.application; includeInIndex = 0; path = InstaCrone.app; sourceTree = BUILT_PRODUCTS_DIR; };
		7BAF0209269D9C3600432C22 /* InstaCroneApp.swift */ = {isa = PBXFileReference; lastKnownFileType = sourcecode.swift; path = InstaCroneApp.swift; sourceTree = "<group>"; };
		7BAF020B269D9C3600432C22 /* ContentView.swift */ = {isa = PBXFileReference; lastKnownFileType = sourcecode.swift; path = ContentView.swift; sourceTree = "<group>"; };
		7BAF020D269D9C3900432C22 /* Assets.xcassets */ = {isa = PBXFileReference; lastKnownFileType = folder.assetcatalog; path = Assets.xcassets; sourceTree = "<group>"; };
		7BAF0210269D9C3900432C22 /* Preview Assets.xcassets */ = {isa = PBXFileReference; lastKnownFileType = folder.assetcatalog; path = "Preview Assets.xcassets"; sourceTree = "<group>"; };
		7BAF0212269D9C3900432C22 /* Info.plist */ = {isa = PBXFileReference; lastKnownFileType = text.plist.xml; path = Info.plist; sourceTree = "<group>"; };
		7BAF0218269DA06800432C22 /* NavView.swift */ = {isa = PBXFileReference; lastKnownFileType = sourcecode.swift; path = NavView.swift; sourceTree = "<group>"; };
		7BAF021A26A022B800432C22 /* Person.swift */ = {isa = PBXFileReference; lastKnownFileType = sourcecode.swift; path = Person.swift; sourceTree = "<group>"; };
		7BAF021C26A02E2900432C22 /* StoryView.swift */ = {isa = PBXFileReference; lastKnownFileType = sourcecode.swift; path = StoryView.swift; sourceTree = "<group>"; };
		7BAF021E26A03E4700432C22 /* PostView.swift */ = {isa = PBXFileReference; lastKnownFileType = sourcecode.swift; path = PostView.swift; sourceTree = "<group>"; };
/* End PBXFileReference section */

/* Begin PBXFrameworksBuildPhase section */
		7BAF0203269D9C3600432C22 /* Frameworks */ = {
			isa = PBXFrameworksBuildPhase;
			buildActionMask = 2147483647;
			files = (
			);
			runOnlyForDeploymentPostprocessing = 0;
		};
/* End PBXFrameworksBuildPhase section */

/* Begin PBXGroup section */
		7BAF01FD269D9C3600432C22 = {
			isa = PBXGroup;
			children = (
				7BAF0208269D9C3600432C22 /* InstaCrone */,
				7BAF0207269D9C3600432C22 /* Products */,
			);
			sourceTree = "<group>";
		};
		7BAF0207269D9C3600432C22 /* Products */ = {
			isa = PBXGroup;
			children = (
				7BAF0206269D9C3600432C22 /* InstaCrone.app */,
			);
			name = Products;
			sourceTree = "<group>";
		};
		7BAF0208269D9C3600432C22 /* InstaCrone */ = {
			isa = PBXGroup;
			children = (
				7BAF0209269D9C3600432C22 /* InstaCroneApp.swift */,
				7BAF020B269D9C3600432C22 /* ContentView.swift */,
				7BAF021E26A03E4700432C22 /* PostView.swift */,
				7BAF021C26A02E2900432C22 /* StoryView.swift */,
				7BAF021A26A022B800432C22 /* Person.swift */,
				7BAF0218269DA06800432C22 /* NavView.swift */,
				7BAF020D269D9C3900432C22 /* Assets.xcassets */,
				7BAF0212269D9C3900432C22 /* Info.plist */,
				7BAF020F269D9C3900432C22 /* Preview Content */,
			);
			path = InstaCrone;
			sourceTree = "<group>";
		};
		7BAF020F269D9C3900432C22 /* Preview Content */ = {
			isa = PBXGroup;
			children = (
				7BAF0210269D9C3900432C22 /* Preview Assets.xcassets */,
			);
			path = "Preview Content";
			sourceTree = "<group>";
		};
/* End PBXGroup section */

/* Begin PBXNativeTarget section */
		7BAF0205269D9C3600432C22 /* InstaCrone */ = {
			isa = PBXNativeTarget;
			buildConfigurationList = 7BAF0215269D9C3900432C22 /* Build configuration list for PBXNativeTarget "InstaCrone" */;
			buildPhases = (
				7BAF0202269D9C3600432C22 /* Sources */,
				7BAF0203269D9C3600432C22 /* Frameworks */,
				7BAF0204269D9C3600432C22 /* Resources */,
			);
			buildRules = (
			);
			dependencies = (
			);
			name = InstaCrone;
			productName = InstaCrone;
			productReference = 7BAF0206269D9C3600432C22 /* InstaCrone.app */;
			productType = "com.apple.product-type.application";
		};
/* End PBXNativeTarget section */

/* Begin PBXProject section */
		7BAF01FE269D9C3600432C22 /* Project object */ = {
			isa = PBXProject;
			attributes = {
				LastSwiftUpdateCheck = 1250;
				LastUpgradeCheck = 1250;
				TargetAttributes = {
					7BAF0205269D9C3600432C22 = {
						CreatedOnToolsVersion = 12.5.1;
					};
				};
			};
			buildConfigurationList = 7BAF0201269D9C3600432C22 /* Build configuration list for PBXProject "InstaCrone" */;
			compatibilityVersion = "Xcode 9.3";
			developmentRegion = en;
			hasScannedForEncodings = 0;
			knownRegions = (
				en,
				Base,
			);
			mainGroup = 7BAF01FD269D9C3600432C22;
			productRefGroup = 7BAF0207269D9C3600432C22 /* Products */;
			projectDirPath = "";
			projectRoot = "";
			targets = (
				7BAF0205269D9C3600432C22 /* InstaCrone */,
			);
		};
/* End PBXProject section */

/* Begin PBXResourcesBuildPhase section */
		7BAF0204269D9C3600432C22 /* Resources */ = {
			isa = PBXResourcesBuildPhase;
			buildActionMask = 2147483647;
			files = (
				7BAF0211269D9C3900432C22 /* Preview Assets.xcassets in Resources */,
				7BAF020E269D9C3900432C22 /* Assets.xcassets in Resources */,
			);
			runOnlyForDeploymentPostprocessing = 0;
		};
/* End PBXResourcesBuildPhase section */

/* Begin PBXSourcesBuildPhase section */
		7BAF0202269D9C3600432C22 /* Sources */ = {
			isa = PBXSourcesBuildPhase;
			buildActionMask = 2147483647;
			files = (
				7BAF021D26A02E2900432C22 /* StoryView.swift in Sources */,
				7BAF0219269DA06800432C22 /* NavView.swift in Sources */,
				7BAF020C269D9C3600432C22 /* ContentView.swift in Sources */,
				7BAF021B26A022B800432C22 /* Person.swift in Sources */,
				7BAF021F26A03E4700432C22 /* PostView.swift in Sources */,
				7BAF020A269D9C3600432C22 /* InstaCroneApp.swift in Sources */,
			);
			runOnlyForDeploymentPostprocessing = 0;
		};
/* End PBXSourcesBuildPhase section */

/* Begin XCBuildConfiguration section */
		7BAF0213269D9C3900432C22 /* Debug */ = {
			isa = XCBuildConfiguration;
			buildSettings = {
				ALWAYS_SEARCH_USER_PATHS = NO;
				CLANG_ANALYZER_NONNULL = YES;
				CLANG_ANALYZER_NUMBER_OBJECT_CONVERSION = YES_AGGRESSIVE;
				CLANG_CXX_LANGUAGE_STANDARD = "gnu++14";
				CLANG_CXX_LIBRARY = "libc++";
				CLANG_ENABLE_MODULES = YES;
				CLANG_ENABLE_OBJC_ARC = YES;
				CLANG_ENABLE_OBJC_WEAK = YES;
				CLANG_WARN_BLOCK_CAPTURE_AUTORELEASING = YES;
				CLANG_WARN_BOOL_CONVERSION = YES;
				CLANG_WARN_COMMA = YES;
				CLANG_WARN_CONSTANT_CONVERSION = YES;
				CLANG_WARN_DEPRECATED_OBJC_IMPLEMENTATIONS = YES;
				CLANG_WARN_DIRECT_OBJC_ISA_USAGE = YES_ERROR;
				CLANG_WARN_DOCUMENTATION_COMMENTS = YES;
				CLANG_WARN_EMPTY_BODY = YES;
				CLANG_WARN_ENUM_CONVERSION = YES;
				CLANG_WARN_INFINITE_RECURSION = YES;
				CLANG_WARN_INT_CONVERSION = YES;
				CLANG_WARN_NON_LITERAL_NULL_CONVERSION = YES;
				CLANG_WARN_OBJC_IMPLICIT_RETAIN_SELF = YES;
				CLANG_WARN_OBJC_LITERAL_CONVERSION = YES;
				CLANG_WARN_OBJC_ROOT_CLASS = YES_ERROR;
				CLANG_WARN_QUOTED_INCLUDE_IN_FRAMEWORK_HEADER = YES;
				CLANG_WARN_RANGE_LOOP_ANALYSIS = YES;
				CLANG_WARN_STRICT_PROTOTYPES = YES;
				CLANG_WARN_SUSPICIOUS_MOVE = YES;
				CLANG_WARN_UNGUARDED_AVAILABILITY = YES_AGGRESSIVE;
				CLANG_WARN_UNREACHABLE_CODE = YES;
				CLANG_WARN__DUPLICATE_METHOD_MATCH = YES;
				COPY_PHASE_STRIP = NO;
				DEBUG_INFORMATION_FORMAT = dwarf;
				ENABLE_STRICT_OBJC_MSGSEND = YES;
				ENABLE_TESTABILITY = YES;
				GCC_C_LANGUAGE_STANDARD = gnu11;
				GCC_DYNAMIC_NO_PIC = NO;
				GCC_NO_COMMON_BLOCKS = YES;
				GCC_OPTIMIZATION_LEVEL = 0;
				GCC_PREPROCESSOR_DEFINITIONS = (
					"DEBUG=1",
					"$(inherited)",
				);
				GCC_WARN_64_TO_32_BIT_CONVERSION = YES;
				GCC_WARN_ABOUT_RETURN_TYPE = YES_ERROR;
				GCC_WARN_UNDECLARED_SELECTOR = YES;
				GCC_WARN_UNINITIALIZED_AUTOS = YES_AGGRESSIVE;
				GCC_WARN_UNUSED_FUNCTION = YES;
				GCC_WARN_UNUSED_VARIABLE = YES;
				IPHONEOS_DEPLOYMENT_TARGET = 14.5;
				MTL_ENABLE_DEBUG_INFO = INCLUDE_SOURCE;
				MTL_FAST_MATH = YES;
				ONLY_ACTIVE_ARCH = YES;
				SDKROOT = iphoneos;
				SWIFT_ACTIVE_COMPILATION_CONDITIONS = DEBUG;
				SWIFT_OPTIMIZATION_LEVEL = "-Onone";
			};
			name = Debug;
		};
		7BAF0214269D9C3900432C22 /* Release */ = {
			isa = XCBuildConfiguration;
			buildSettings = {
				ALWAYS_SEARCH_USER_PATHS = NO;
				CLANG_ANALYZER_NONNULL = YES;
				CLANG_ANALYZER_NUMBER_OBJECT_CONVERSION = YES_AGGRESSIVE;
				CLANG_CXX_LANGUAGE_STANDARD = "gnu++14";
				CLANG_CXX_LIBRARY = "libc++";
				CLANG_ENABLE_MODULES = YES;
				CLANG_ENABLE_OBJC_ARC = YES;
				CLANG_ENABLE_OBJC_WEAK = YES;
				CLANG_WARN_BLOCK_CAPTURE_AUTORELEASING = YES;
				CLANG_WARN_BOOL_CONVERSION = YES;
				CLANG_WARN_COMMA = YES;
				CLANG_WARN_CONSTANT_CONVERSION = YES;
				CLANG_WARN_DEPRECATED_OBJC_IMPLEMENTATIONS = YES;
				CLANG_WARN_DIRECT_OBJC_ISA_USAGE = YES_ERROR;
				CLANG_WARN_DOCUMENTATION_COMMENTS = YES;
				CLANG_WARN_EMPTY_BODY = YES;
				CLANG_WARN_ENUM_CONVERSION = YES;
				CLANG_WARN_INFINITE_RECURSION = YES;
				CLANG_WARN_INT_CONVERSION = YES;
				CLANG_WARN_NON_LITERAL_NULL_CONVERSION = YES;
				CLANG_WARN_OBJC_IMPLICIT_RETAIN_SELF = YES;
				CLANG_WARN_OBJC_LITERAL_CONVERSION = YES;
				CLANG_WARN_OBJC_ROOT_CLASS = YES_ERROR;
				CLANG_WARN_QUOTED_INCLUDE_IN_FRAMEWORK_HEADER = YES;
				CLANG_WARN_RANGE_LOOP_ANALYSIS = YES;
				CLANG_WARN_STRICT_PROTOTYPES = YES;
				CLANG_WARN_SUSPICIOUS_MOVE = YES;
				CLANG_WARN_UNGUARDED_AVAILABILITY = YES_AGGRESSIVE;
				CLANG_WARN_UNREACHABLE_CODE = YES;
				CLANG_WARN__DUPLICATE_METHOD_MATCH = YES;
				COPY_PHASE_STRIP = NO;
				DEBUG_INFORMATION_FORMAT = "dwarf-with-dsym";
				ENABLE_NS_ASSERTIONS = NO;
				ENABLE_STRICT_OBJC_MSGSEND = YES;
				GCC_C_LANGUAGE_STANDARD = gnu11;
				GCC_NO_COMMON_BLOCKS = YES;
				GCC_WARN_64_TO_32_BIT_CONVERSION = YES;
				GCC_WARN_ABOUT_RETURN_TYPE = YES_ERROR;
				GCC_WARN_UNDECLARED_SELECTOR = YES;
				GCC_WARN_UNINITIALIZED_AUTOS = YES_AGGRESSIVE;
				GCC_WARN_UNUSED_FUNCTION = YES;
				GCC_WARN_UNUSED_VARIABLE = YES;
				IPHONEOS_DEPLOYMENT_TARGET = 14.5;
				MTL_ENABLE_DEBUG_INFO = NO;
				MTL_FAST_MATH = YES;
				SDKROOT = iphoneos;
				SWIFT_COMPILATION_MODE = wholemodule;
				SWIFT_OPTIMIZATION_LEVEL = "-O";
				VALIDATE_PRODUCT = YES;
			};
			name = Release;
		};
		7BAF0216269D9C3900432C22 /* Debug */ = {
			isa = XCBuildConfiguration;
			buildSettings = {
				ASSETCATALOG_COMPILER_APPICON_NAME = AppIcon;
				ASSETCATALOG_COMPILER_GLOBAL_ACCENT_COLOR_NAME = AccentColor;
				CODE_SIGN_STYLE = Automatic;
				DEVELOPMENT_ASSET_PATHS = "\"InstaCrone/Preview Content\"";
				DEVELOPMENT_TEAM = MP45NK4MK9;
				ENABLE_PREVIEWS = YES;
				INFOPLIST_FILE = InstaCrone/Info.plist;
				IPHONEOS_DEPLOYMENT_TARGET = 14.0;
				LD_RUNPATH_SEARCH_PATHS = (
					"$(inherited)",
					"@executable_path/Frameworks",
				);
				PRODUCT_BUNDLE_IDENTIFIER = com.yushimizu.InstaCrone;
				PRODUCT_NAME = "$(TARGET_NAME)";
				SWIFT_VERSION = 5.0;
				TARGETED_DEVICE_FAMILY = "1,2";
			};
			name = Debug;
		};
		7BAF0217269D9C3900432C22 /* Release */ = {
			isa = XCBuildConfiguration;
			buildSettings = {
				ASSETCATALOG_COMPILER_APPICON_NAME = AppIcon;
				ASSETCATALOG_COMPILER_GLOBAL_ACCENT_COLOR_NAME = AccentColor;
				CODE_SIGN_STYLE = Automatic;
				DEVELOPMENT_ASSET_PATHS = "\"InstaCrone/Preview Content\"";
				DEVELOPMENT_TEAM = MP45NK4MK9;
				ENABLE_PREVIEWS = YES;
				INFOPLIST_FILE = InstaCrone/Info.plist;
				IPHONEOS_DEPLOYMENT_TARGET = 14.0;
				LD_RUNPATH_SEARCH_PATHS = (
					"$(inherited)",
					"@executable_path/Frameworks",
				);
				PRODUCT_BUNDLE_IDENTIFIER = com.yushimizu.InstaCrone;
				PRODUCT_NAME = "$(TARGET_NAME)";
				SWIFT_VERSION = 5.0;
				TARGETED_DEVICE_FAMILY = "1,2";
			};
			name = Release;
		};
/* End XCBuildConfiguration section */

/* Begin XCConfigurationList section */
		7BAF0201269D9C3600432C22 /* Build configuration list for PBXProject "InstaCrone" */ = {
			isa = XCConfigurationList;
			buildConfigurations = (
				7BAF0213269D9C3900432C22 /* Debug */,
				7BAF0214269D9C3900432C22 /* Release */,
			);
			defaultConfigurationIsVisible = 0;
			defaultConfigurationName = Release;
		};
		7BAF0215269D9C3900432C22 /* Build configuration list for PBXNativeTarget "InstaCrone" */ = {
			isa = XCConfigurationList;
			buildConfigurations = (
				7BAF0216269D9C3900432C22 /* Debug */,
				7BAF0217269D9C3900432C22 /* Release */,
			);
			defaultConfigurationIsVisible = 0;
			defaultConfigurationName = Release;
		};
/* End XCConfigurationList section */
	};
	rootObject = 7BAF01FE269D9C3600432C22 /* Project object */;
}
